// !$*UTF8*$!
{
	archiveVersion = 1;
	classes = {
	};
	objectVersion = 55;
	objects = {

/* Begin PBXBuildFile section */
		8886D9CA2960C10C007C232B /* RMCharacterDetailsViewController.swift in Sources */ = {isa = PBXBuildFile; fileRef = 8886D9C92960C10C007C232B /* RMCharacterDetailsViewController.swift */; };
		8886D9CC2960C1E0007C232B /* RMCharacterDetailsView.swift in Sources */ = {isa = PBXBuildFile; fileRef = 8886D9CB2960C1E0007C232B /* RMCharacterDetailsView.swift */; };
		8886D9CF2960C247007C232B /* RMCharacterDetailsViewModel.swift in Sources */ = {isa = PBXBuildFile; fileRef = 8886D9CE2960C247007C232B /* RMCharacterDetailsViewModel.swift */; };
		8886D9D2296158B6007C232B /* SDWebImage in Frameworks */ = {isa = PBXBuildFile; productRef = 8886D9D1296158B6007C232B /* SDWebImage */; };
		8886D9D529615B33007C232B /* LeakedViewControllerDetector in Frameworks */ = {isa = PBXBuildFile; productRef = 8886D9D429615B33007C232B /* LeakedViewControllerDetector */; };
		889D3E60295DD03100AEF9B3 /* RMGetAllCharactersResponse.swift in Sources */ = {isa = PBXBuildFile; fileRef = 889D3E5F295DD03100AEF9B3 /* RMGetAllCharactersResponse.swift */; };
		889D3E62295DD2B800AEF9B3 /* RMCharacterListViewModel.swift in Sources */ = {isa = PBXBuildFile; fileRef = 889D3E61295DD2B800AEF9B3 /* RMCharacterListViewModel.swift */; };
		889D3E64295DD33700AEF9B3 /* RMCharacterListView.swift in Sources */ = {isa = PBXBuildFile; fileRef = 889D3E63295DD33700AEF9B3 /* RMCharacterListView.swift */; };
		889D3E67295DD7F500AEF9B3 /* Extensions.swift in Sources */ = {isa = PBXBuildFile; fileRef = 889D3E66295DD7F500AEF9B3 /* Extensions.swift */; };
		889D3E69295E0BDE00AEF9B3 /* RMCharacterCell.swift in Sources */ = {isa = PBXBuildFile; fileRef = 889D3E68295E0BDE00AEF9B3 /* RMCharacterCell.swift */; };
		889D3E6B295E0D2D00AEF9B3 /* RMCharacterCellViewModel.swift in Sources */ = {isa = PBXBuildFile; fileRef = 889D3E6A295E0D2D00AEF9B3 /* RMCharacterCellViewModel.swift */; };
		88C98212295C946900F0A35A /* AppDelegate.swift in Sources */ = {isa = PBXBuildFile; fileRef = 88C98211295C946900F0A35A /* AppDelegate.swift */; };
		88C98214295C946900F0A35A /* SceneDelegate.swift in Sources */ = {isa = PBXBuildFile; fileRef = 88C98213295C946900F0A35A /* SceneDelegate.swift */; };
		88C98216295C946900F0A35A /* RMTabBarController.swift in Sources */ = {isa = PBXBuildFile; fileRef = 88C98215295C946900F0A35A /* RMTabBarController.swift */; };
		88C9821B295C946A00F0A35A /* Assets.xcassets in Resources */ = {isa = PBXBuildFile; fileRef = 88C9821A295C946A00F0A35A /* Assets.xcassets */; };
		88C9821E295C946A00F0A35A /* LaunchScreen.storyboard in Resources */ = {isa = PBXBuildFile; fileRef = 88C9821C295C946A00F0A35A /* LaunchScreen.storyboard */; };
		88C9822F295C96B000F0A35A /* RMLocation.swift in Sources */ = {isa = PBXBuildFile; fileRef = 88C9822E295C96B000F0A35A /* RMLocation.swift */; };
		88C98231295C96BA00F0A35A /* RMCharacter.swift in Sources */ = {isa = PBXBuildFile; fileRef = 88C98230295C96BA00F0A35A /* RMCharacter.swift */; };
		88C98233295C96C200F0A35A /* RMEpisode.swift in Sources */ = {isa = PBXBuildFile; fileRef = 88C98232295C96C200F0A35A /* RMEpisode.swift */; };
		88C98236295C976000F0A35A /* RMLocationViewController.swift in Sources */ = {isa = PBXBuildFile; fileRef = 88C98235295C976000F0A35A /* RMLocationViewController.swift */; };
		88C98238295C977500F0A35A /* RMCharacterViewController.swift in Sources */ = {isa = PBXBuildFile; fileRef = 88C98237295C977500F0A35A /* RMCharacterViewController.swift */; };
		88C9823A295C978600F0A35A /* RMEpisodeViewController.swift in Sources */ = {isa = PBXBuildFile; fileRef = 88C98239295C978600F0A35A /* RMEpisodeViewController.swift */; };
		88C9823C295C979700F0A35A /* RMSettingsViewController.swift in Sources */ = {isa = PBXBuildFile; fileRef = 88C9823B295C979700F0A35A /* RMSettingsViewController.swift */; };
		88C9823E295CAB8900F0A35A /* RMService.swift in Sources */ = {isa = PBXBuildFile; fileRef = 88C9823D295CAB8900F0A35A /* RMService.swift */; };
		88C98240295CAB9200F0A35A /* RMRequest.swift in Sources */ = {isa = PBXBuildFile; fileRef = 88C9823F295CAB9200F0A35A /* RMRequest.swift */; };
		88C98242295CAB9D00F0A35A /* RMEndpoint.swift in Sources */ = {isa = PBXBuildFile; fileRef = 88C98241295CAB9D00F0A35A /* RMEndpoint.swift */; };
		88C98244295CB17A00F0A35A /* RMCharacterStatus.swift in Sources */ = {isa = PBXBuildFile; fileRef = 88C98243295CB17A00F0A35A /* RMCharacterStatus.swift */; };
		88C98246295CB1C700F0A35A /* RMCharacterGender.swift in Sources */ = {isa = PBXBuildFile; fileRef = 88C98245295CB1C700F0A35A /* RMCharacterGender.swift */; };
		88C98248295CB29800F0A35A /* RMOrigin.swift in Sources */ = {isa = PBXBuildFile; fileRef = 88C98247295CB29800F0A35A /* RMOrigin.swift */; };
		88C9824A295CB2E000F0A35A /* RMSingleLocation.swift in Sources */ = {isa = PBXBuildFile; fileRef = 88C98249295CB2E000F0A35A /* RMSingleLocation.swift */; };
/* End PBXBuildFile section */

/* Begin PBXFileReference section */
		8886D9C92960C10C007C232B /* RMCharacterDetailsViewController.swift */ = {isa = PBXFileReference; lastKnownFileType = sourcecode.swift; path = RMCharacterDetailsViewController.swift; sourceTree = "<group>"; };
		8886D9CB2960C1E0007C232B /* RMCharacterDetailsView.swift */ = {isa = PBXFileReference; lastKnownFileType = sourcecode.swift; path = RMCharacterDetailsView.swift; sourceTree = "<group>"; };
		8886D9CE2960C247007C232B /* RMCharacterDetailsViewModel.swift */ = {isa = PBXFileReference; lastKnownFileType = sourcecode.swift; path = RMCharacterDetailsViewModel.swift; sourceTree = "<group>"; };
		889D3E5F295DD03100AEF9B3 /* RMGetAllCharactersResponse.swift */ = {isa = PBXFileReference; lastKnownFileType = sourcecode.swift; path = RMGetAllCharactersResponse.swift; sourceTree = "<group>"; };
		889D3E61295DD2B800AEF9B3 /* RMCharacterListViewModel.swift */ = {isa = PBXFileReference; lastKnownFileType = sourcecode.swift; path = RMCharacterListViewModel.swift; sourceTree = "<group>"; };
		889D3E63295DD33700AEF9B3 /* RMCharacterListView.swift */ = {isa = PBXFileReference; lastKnownFileType = sourcecode.swift; path = RMCharacterListView.swift; sourceTree = "<group>"; };
		889D3E66295DD7F500AEF9B3 /* Extensions.swift */ = {isa = PBXFileReference; lastKnownFileType = sourcecode.swift; path = Extensions.swift; sourceTree = "<group>"; };
		889D3E68295E0BDE00AEF9B3 /* RMCharacterCell.swift */ = {isa = PBXFileReference; lastKnownFileType = sourcecode.swift; path = RMCharacterCell.swift; sourceTree = "<group>"; };
		889D3E6A295E0D2D00AEF9B3 /* RMCharacterCellViewModel.swift */ = {isa = PBXFileReference; lastKnownFileType = sourcecode.swift; path = RMCharacterCellViewModel.swift; sourceTree = "<group>"; };
		88C9820E295C946900F0A35A /* RickAndMorty.app */ = {isa = PBXFileReference; explicitFileType = wrapper.application; includeInIndex = 0; path = RickAndMorty.app; sourceTree = BUILT_PRODUCTS_DIR; };
		88C98211295C946900F0A35A /* AppDelegate.swift */ = {isa = PBXFileReference; lastKnownFileType = sourcecode.swift; path = AppDelegate.swift; sourceTree = "<group>"; };
		88C98213295C946900F0A35A /* SceneDelegate.swift */ = {isa = PBXFileReference; lastKnownFileType = sourcecode.swift; path = SceneDelegate.swift; sourceTree = "<group>"; };
		88C98215295C946900F0A35A /* RMTabBarController.swift */ = {isa = PBXFileReference; lastKnownFileType = sourcecode.swift; path = RMTabBarController.swift; sourceTree = "<group>"; };
		88C9821A295C946A00F0A35A /* Assets.xcassets */ = {isa = PBXFileReference; lastKnownFileType = folder.assetcatalog; path = Assets.xcassets; sourceTree = "<group>"; };
		88C9821D295C946A00F0A35A /* Base */ = {isa = PBXFileReference; lastKnownFileType = file.storyboard; name = Base; path = Base.lproj/LaunchScreen.storyboard; sourceTree = "<group>"; };
		88C9821F295C946A00F0A35A /* Info.plist */ = {isa = PBXFileReference; lastKnownFileType = text.plist.xml; path = Info.plist; sourceTree = "<group>"; };
		88C9822E295C96B000F0A35A /* RMLocation.swift */ = {isa = PBXFileReference; lastKnownFileType = sourcecode.swift; path = RMLocation.swift; sourceTree = "<group>"; };
		88C98230295C96BA00F0A35A /* RMCharacter.swift */ = {isa = PBXFileReference; lastKnownFileType = sourcecode.swift; path = RMCharacter.swift; sourceTree = "<group>"; };
		88C98232295C96C200F0A35A /* RMEpisode.swift */ = {isa = PBXFileReference; lastKnownFileType = sourcecode.swift; path = RMEpisode.swift; sourceTree = "<group>"; };
		88C98235295C976000F0A35A /* RMLocationViewController.swift */ = {isa = PBXFileReference; lastKnownFileType = sourcecode.swift; path = RMLocationViewController.swift; sourceTree = "<group>"; };
		88C98237295C977500F0A35A /* RMCharacterViewController.swift */ = {isa = PBXFileReference; lastKnownFileType = sourcecode.swift; path = RMCharacterViewController.swift; sourceTree = "<group>"; };
		88C98239295C978600F0A35A /* RMEpisodeViewController.swift */ = {isa = PBXFileReference; lastKnownFileType = sourcecode.swift; path = RMEpisodeViewController.swift; sourceTree = "<group>"; };
		88C9823B295C979700F0A35A /* RMSettingsViewController.swift */ = {isa = PBXFileReference; lastKnownFileType = sourcecode.swift; path = RMSettingsViewController.swift; sourceTree = "<group>"; };
		88C9823D295CAB8900F0A35A /* RMService.swift */ = {isa = PBXFileReference; lastKnownFileType = sourcecode.swift; path = RMService.swift; sourceTree = "<group>"; };
		88C9823F295CAB9200F0A35A /* RMRequest.swift */ = {isa = PBXFileReference; lastKnownFileType = sourcecode.swift; path = RMRequest.swift; sourceTree = "<group>"; };
		88C98241295CAB9D00F0A35A /* RMEndpoint.swift */ = {isa = PBXFileReference; lastKnownFileType = sourcecode.swift; path = RMEndpoint.swift; sourceTree = "<group>"; };
		88C98243295CB17A00F0A35A /* RMCharacterStatus.swift */ = {isa = PBXFileReference; lastKnownFileType = sourcecode.swift; path = RMCharacterStatus.swift; sourceTree = "<group>"; };
		88C98245295CB1C700F0A35A /* RMCharacterGender.swift */ = {isa = PBXFileReference; lastKnownFileType = sourcecode.swift; path = RMCharacterGender.swift; sourceTree = "<group>"; };
		88C98247295CB29800F0A35A /* RMOrigin.swift */ = {isa = PBXFileReference; lastKnownFileType = sourcecode.swift; path = RMOrigin.swift; sourceTree = "<group>"; };
		88C98249295CB2E000F0A35A /* RMSingleLocation.swift */ = {isa = PBXFileReference; lastKnownFileType = sourcecode.swift; path = RMSingleLocation.swift; sourceTree = "<group>"; };
/* End PBXFileReference section */

/* Begin PBXFrameworksBuildPhase section */
		88C9820B295C946900F0A35A /* Frameworks */ = {
			isa = PBXFrameworksBuildPhase;
			buildActionMask = 2147483647;
			files = (
				8886D9D2296158B6007C232B /* SDWebImage in Frameworks */,
				8886D9D529615B33007C232B /* LeakedViewControllerDetector in Frameworks */,
			);
			runOnlyForDeploymentPostprocessing = 0;
		};
/* End PBXFrameworksBuildPhase section */

/* Begin PBXGroup section */
		8886D9C82960C0F0007C232B /* Other */ = {
			isa = PBXGroup;
			children = (
				8886D9C92960C10C007C232B /* RMCharacterDetailsViewController.swift */,
			);
			path = Other;
			sourceTree = "<group>";
		};
		8886D9CD2960C1EE007C232B /* Character */ = {
			isa = PBXGroup;
			children = (
				889D3E63295DD33700AEF9B3 /* RMCharacterListView.swift */,
				889D3E68295E0BDE00AEF9B3 /* RMCharacterCell.swift */,
				8886D9CB2960C1E0007C232B /* RMCharacterDetailsView.swift */,
			);
			path = Character;
			sourceTree = "<group>";
		};
		889D3E5D295DD00300AEF9B3 /* DataTypes */ = {
			isa = PBXGroup;
			children = (
				88C9822E295C96B000F0A35A /* RMLocation.swift */,
				88C98230295C96BA00F0A35A /* RMCharacter.swift */,
				88C98232295C96C200F0A35A /* RMEpisode.swift */,
				88C98243295CB17A00F0A35A /* RMCharacterStatus.swift */,
				88C98245295CB1C700F0A35A /* RMCharacterGender.swift */,
				88C98247295CB29800F0A35A /* RMOrigin.swift */,
				88C98249295CB2E000F0A35A /* RMSingleLocation.swift */,
			);
			path = DataTypes;
			sourceTree = "<group>";
		};
		889D3E5E295DD00C00AEF9B3 /* APIResponseTypes */ = {
			isa = PBXGroup;
			children = (
				889D3E5F295DD03100AEF9B3 /* RMGetAllCharactersResponse.swift */,
			);
			path = APIResponseTypes;
			sourceTree = "<group>";
		};
		889D3E65295DD7E000AEF9B3 /* Extensions */ = {
			isa = PBXGroup;
			children = (
				889D3E66295DD7F500AEF9B3 /* Extensions.swift */,
			);
			path = Extensions;
			sourceTree = "<group>";
		};
		88C98205295C946900F0A35A = {
			isa = PBXGroup;
			children = (
				88C98210295C946900F0A35A /* RickAndMorty */,
				88C9820F295C946900F0A35A /* Products */,
			);
			sourceTree = "<group>";
		};
		88C9820F295C946900F0A35A /* Products */ = {
			isa = PBXGroup;
			children = (
				88C9820E295C946900F0A35A /* RickAndMorty.app */,
			);
			name = Products;
			sourceTree = "<group>";
		};
		88C98210295C946900F0A35A /* RickAndMorty */ = {
			isa = PBXGroup;
			children = (
				88C9822C295C962500F0A35A /* Supporting Files */,
				88C9822B295C961600F0A35A /* Managers */,
				88C9822A295C960F00F0A35A /* APIClient */,
				88C98229295C95ED00F0A35A /* ViewModels */,
				88C98228295C95E800F0A35A /* Views */,
				88C98227295C95E200F0A35A /* Models */,
				88C98225295C95D300F0A35A /* Controllers */,
				889D3E65295DD7E000AEF9B3 /* Extensions */,
				88C9822D295C963A00F0A35A /* Resources */,
			);
			path = RickAndMorty;
			sourceTree = "<group>";
		};
		88C98225295C95D300F0A35A /* Controllers */ = {
			isa = PBXGroup;
			children = (
				88C98234295C971400F0A35A /* Core */,
				8886D9C82960C0F0007C232B /* Other */,
			);
			path = Controllers;
			sourceTree = "<group>";
		};
		88C98227295C95E200F0A35A /* Models */ = {
			isa = PBXGroup;
			children = (
				889D3E5E295DD00C00AEF9B3 /* APIResponseTypes */,
				889D3E5D295DD00300AEF9B3 /* DataTypes */,
			);
			path = Models;
			sourceTree = "<group>";
		};
		88C98228295C95E800F0A35A /* Views */ = {
			isa = PBXGroup;
			children = (
				8886D9CD2960C1EE007C232B /* Character */,
			);
			path = Views;
			sourceTree = "<group>";
		};
		88C98229295C95ED00F0A35A /* ViewModels */ = {
			isa = PBXGroup;
			children = (
				889D3E61295DD2B800AEF9B3 /* RMCharacterListViewModel.swift */,
				889D3E6A295E0D2D00AEF9B3 /* RMCharacterCellViewModel.swift */,
				8886D9CE2960C247007C232B /* RMCharacterDetailsViewModel.swift */,
			);
			path = ViewModels;
			sourceTree = "<group>";
		};
		88C9822A295C960F00F0A35A /* APIClient */ = {
			isa = PBXGroup;
			children = (
				88C9823D295CAB8900F0A35A /* RMService.swift */,
				88C9823F295CAB9200F0A35A /* RMRequest.swift */,
				88C98241295CAB9D00F0A35A /* RMEndpoint.swift */,
			);
			path = APIClient;
			sourceTree = "<group>";
		};
		88C9822B295C961600F0A35A /* Managers */ = {
			isa = PBXGroup;
			children = (
			);
			path = Managers;
			sourceTree = "<group>";
		};
		88C9822C295C962500F0A35A /* Supporting Files */ = {
			isa = PBXGroup;
			children = (
				88C98211295C946900F0A35A /* AppDelegate.swift */,
				88C98213295C946900F0A35A /* SceneDelegate.swift */,
				88C9821F295C946A00F0A35A /* Info.plist */,
				88C9821C295C946A00F0A35A /* LaunchScreen.storyboard */,
			);
			path = "Supporting Files";
			sourceTree = "<group>";
		};
		88C9822D295C963A00F0A35A /* Resources */ = {
			isa = PBXGroup;
			children = (
				88C9821A295C946A00F0A35A /* Assets.xcassets */,
			);
			path = Resources;
			sourceTree = "<group>";
		};
		88C98234295C971400F0A35A /* Core */ = {
			isa = PBXGroup;
			children = (
				88C98215295C946900F0A35A /* RMTabBarController.swift */,
				88C98237295C977500F0A35A /* RMCharacterViewController.swift */,
				88C98235295C976000F0A35A /* RMLocationViewController.swift */,
				88C98239295C978600F0A35A /* RMEpisodeViewController.swift */,
				88C9823B295C979700F0A35A /* RMSettingsViewController.swift */,
			);
			path = Core;
			sourceTree = "<group>";
		};
/* End PBXGroup section */

/* Begin PBXNativeTarget section */
		88C9820D295C946900F0A35A /* RickAndMorty */ = {
			isa = PBXNativeTarget;
			buildConfigurationList = 88C98222295C946A00F0A35A /* Build configuration list for PBXNativeTarget "RickAndMorty" */;
			buildPhases = (
				88C9820A295C946900F0A35A /* Sources */,
				88C9820B295C946900F0A35A /* Frameworks */,
				88C9820C295C946900F0A35A /* Resources */,
			);
			buildRules = (
			);
			dependencies = (
			);
			name = RickAndMorty;
			packageProductDependencies = (
				8886D9D1296158B6007C232B /* SDWebImage */,
				8886D9D429615B33007C232B /* LeakedViewControllerDetector */,
			);
			productName = RickAndMorty;
			productReference = 88C9820E295C946900F0A35A /* RickAndMorty.app */;
			productType = "com.apple.product-type.application";
		};
/* End PBXNativeTarget section */

/* Begin PBXProject section */
		88C98206295C946900F0A35A /* Project object */ = {
			isa = PBXProject;
			attributes = {
				BuildIndependentTargetsInParallel = 1;
				LastSwiftUpdateCheck = 1320;
				LastUpgradeCheck = 1320;
				TargetAttributes = {
					88C9820D295C946900F0A35A = {
						CreatedOnToolsVersion = 13.2.1;
					};
				};
			};
			buildConfigurationList = 88C98209295C946900F0A35A /* Build configuration list for PBXProject "RickAndMorty" */;
			compatibilityVersion = "Xcode 13.0";
			developmentRegion = en;
			hasScannedForEncodings = 0;
			knownRegions = (
				en,
				Base,
			);
			mainGroup = 88C98205295C946900F0A35A;
			packageReferences = (
				8886D9D0296158B6007C232B /* XCRemoteSwiftPackageReference "SDWebImage" */,
				8886D9D329615B33007C232B /* XCRemoteSwiftPackageReference "LeakedViewControllerDetector" */,
			);
			productRefGroup = 88C9820F295C946900F0A35A /* Products */;
			projectDirPath = "";
			projectRoot = "";
			targets = (
				88C9820D295C946900F0A35A /* RickAndMorty */,
			);
		};
/* End PBXProject section */

/* Begin PBXResourcesBuildPhase section */
		88C9820C295C946900F0A35A /* Resources */ = {
			isa = PBXResourcesBuildPhase;
			buildActionMask = 2147483647;
			files = (
				88C9821E295C946A00F0A35A /* LaunchScreen.storyboard in Resources */,
				88C9821B295C946A00F0A35A /* Assets.xcassets in Resources */,
			);
			runOnlyForDeploymentPostprocessing = 0;
		};
/* End PBXResourcesBuildPhase section */

/* Begin PBXSourcesBuildPhase section */
		88C9820A295C946900F0A35A /* Sources */ = {
			isa = PBXSourcesBuildPhase;
			buildActionMask = 2147483647;
			files = (
				889D3E69295E0BDE00AEF9B3 /* RMCharacterCell.swift in Sources */,
				889D3E60295DD03100AEF9B3 /* RMGetAllCharactersResponse.swift in Sources */,
				8886D9CA2960C10C007C232B /* RMCharacterDetailsViewController.swift in Sources */,
				88C98248295CB29800F0A35A /* RMOrigin.swift in Sources */,
				8886D9CC2960C1E0007C232B /* RMCharacterDetailsView.swift in Sources */,
				889D3E64295DD33700AEF9B3 /* RMCharacterListView.swift in Sources */,
				88C98244295CB17A00F0A35A /* RMCharacterStatus.swift in Sources */,
				88C98233295C96C200F0A35A /* RMEpisode.swift in Sources */,
				88C98216295C946900F0A35A /* RMTabBarController.swift in Sources */,
				88C98236295C976000F0A35A /* RMLocationViewController.swift in Sources */,
				88C9823A295C978600F0A35A /* RMEpisodeViewController.swift in Sources */,
				88C98212295C946900F0A35A /* AppDelegate.swift in Sources */,
				88C98214295C946900F0A35A /* SceneDelegate.swift in Sources */,
				88C9823C295C979700F0A35A /* RMSettingsViewController.swift in Sources */,
				88C9823E295CAB8900F0A35A /* RMService.swift in Sources */,
				88C98238295C977500F0A35A /* RMCharacterViewController.swift in Sources */,
				8886D9CF2960C247007C232B /* RMCharacterDetailsViewModel.swift in Sources */,
				889D3E6B295E0D2D00AEF9B3 /* RMCharacterCellViewModel.swift in Sources */,
				889D3E67295DD7F500AEF9B3 /* Extensions.swift in Sources */,
				88C98242295CAB9D00F0A35A /* RMEndpoint.swift in Sources */,
				88C9824A295CB2E000F0A35A /* RMSingleLocation.swift in Sources */,
				88C98246295CB1C700F0A35A /* RMCharacterGender.swift in Sources */,
				88C9822F295C96B000F0A35A /* RMLocation.swift in Sources */,
				88C98240295CAB9200F0A35A /* RMRequest.swift in Sources */,
				88C98231295C96BA00F0A35A /* RMCharacter.swift in Sources */,
				889D3E62295DD2B800AEF9B3 /* RMCharacterListViewModel.swift in Sources */,
			);
			runOnlyForDeploymentPostprocessing = 0;
		};
/* End PBXSourcesBuildPhase section */

/* Begin PBXVariantGroup section */
		88C9821C295C946A00F0A35A /* LaunchScreen.storyboard */ = {
			isa = PBXVariantGroup;
			children = (
				88C9821D295C946A00F0A35A /* Base */,
			);
			name = LaunchScreen.storyboard;
			sourceTree = "<group>";
		};
/* End PBXVariantGroup section */

/* Begin XCBuildConfiguration section */
		88C98220295C946A00F0A35A /* Debug */ = {
			isa = XCBuildConfiguration;
			buildSettings = {
				ALWAYS_SEARCH_USER_PATHS = NO;
				CLANG_ANALYZER_NONNULL = YES;
				CLANG_ANALYZER_NUMBER_OBJECT_CONVERSION = YES_AGGRESSIVE;
				CLANG_CXX_LANGUAGE_STANDARD = "gnu++17";
				CLANG_CXX_LIBRARY = "libc++";
				CLANG_ENABLE_MODULES = YES;
				CLANG_ENABLE_OBJC_ARC = YES;
				CLANG_ENABLE_OBJC_WEAK = YES;
				CLANG_WARN_BLOCK_CAPTURE_AUTORELEASING = YES;
				CLANG_WARN_BOOL_CONVERSION = YES;
				CLANG_WARN_COMMA = YES;
				CLANG_WARN_CONSTANT_CONVERSION = YES;
				CLANG_WARN_DEPRECATED_OBJC_IMPLEMENTATIONS = YES;
				CLANG_WARN_DIRECT_OBJC_ISA_USAGE = YES_ERROR;
				CLANG_WARN_DOCUMENTATION_COMMENTS = YES;
				CLANG_WARN_EMPTY_BODY = YES;
				CLANG_WARN_ENUM_CONVERSION = YES;
				CLANG_WARN_INFINITE_RECURSION = YES;
				CLANG_WARN_INT_CONVERSION = YES;
				CLANG_WARN_NON_LITERAL_NULL_CONVERSION = YES;
				CLANG_WARN_OBJC_IMPLICIT_RETAIN_SELF = YES;
				CLANG_WARN_OBJC_LITERAL_CONVERSION = YES;
				CLANG_WARN_OBJC_ROOT_CLASS = YES_ERROR;
				CLANG_WARN_QUOTED_INCLUDE_IN_FRAMEWORK_HEADER = YES;
				CLANG_WARN_RANGE_LOOP_ANALYSIS = YES;
				CLANG_WARN_STRICT_PROTOTYPES = YES;
				CLANG_WARN_SUSPICIOUS_MOVE = YES;
				CLANG_WARN_UNGUARDED_AVAILABILITY = YES_AGGRESSIVE;
				CLANG_WARN_UNREACHABLE_CODE = YES;
				CLANG_WARN__DUPLICATE_METHOD_MATCH = YES;
				COPY_PHASE_STRIP = NO;
				DEBUG_INFORMATION_FORMAT = dwarf;
				ENABLE_STRICT_OBJC_MSGSEND = YES;
				ENABLE_TESTABILITY = YES;
				GCC_C_LANGUAGE_STANDARD = gnu11;
				GCC_DYNAMIC_NO_PIC = NO;
				GCC_NO_COMMON_BLOCKS = YES;
				GCC_OPTIMIZATION_LEVEL = 0;
				GCC_PREPROCESSOR_DEFINITIONS = (
					"DEBUG=1",
					"$(inherited)",
				);
				GCC_WARN_64_TO_32_BIT_CONVERSION = YES;
				GCC_WARN_ABOUT_RETURN_TYPE = YES_ERROR;
				GCC_WARN_UNDECLARED_SELECTOR = YES;
				GCC_WARN_UNINITIALIZED_AUTOS = YES_AGGRESSIVE;
				GCC_WARN_UNUSED_FUNCTION = YES;
				GCC_WARN_UNUSED_VARIABLE = YES;
				IPHONEOS_DEPLOYMENT_TARGET = 15.2;
				MTL_ENABLE_DEBUG_INFO = INCLUDE_SOURCE;
				MTL_FAST_MATH = YES;
				ONLY_ACTIVE_ARCH = YES;
				SDKROOT = iphoneos;
				SWIFT_ACTIVE_COMPILATION_CONDITIONS = DEBUG;
				SWIFT_OPTIMIZATION_LEVEL = "-Onone";
			};
			name = Debug;
		};
		88C98221295C946A00F0A35A /* Release */ = {
			isa = XCBuildConfiguration;
			buildSettings = {
				ALWAYS_SEARCH_USER_PATHS = NO;
				CLANG_ANALYZER_NONNULL = YES;
				CLANG_ANALYZER_NUMBER_OBJECT_CONVERSION = YES_AGGRESSIVE;
				CLANG_CXX_LANGUAGE_STANDARD = "gnu++17";
				CLANG_CXX_LIBRARY = "libc++";
				CLANG_ENABLE_MODULES = YES;
				CLANG_ENABLE_OBJC_ARC = YES;
				CLANG_ENABLE_OBJC_WEAK = YES;
				CLANG_WARN_BLOCK_CAPTURE_AUTORELEASING = YES;
				CLANG_WARN_BOOL_CONVERSION = YES;
				CLANG_WARN_COMMA = YES;
				CLANG_WARN_CONSTANT_CONVERSION = YES;
				CLANG_WARN_DEPRECATED_OBJC_IMPLEMENTATIONS = YES;
				CLANG_WARN_DIRECT_OBJC_ISA_USAGE = YES_ERROR;
				CLANG_WARN_DOCUMENTATION_COMMENTS = YES;
				CLANG_WARN_EMPTY_BODY = YES;
				CLANG_WARN_ENUM_CONVERSION = YES;
				CLANG_WARN_INFINITE_RECURSION = YES;
				CLANG_WARN_INT_CONVERSION = YES;
				CLANG_WARN_NON_LITERAL_NULL_CONVERSION = YES;
				CLANG_WARN_OBJC_IMPLICIT_RETAIN_SELF = YES;
				CLANG_WARN_OBJC_LITERAL_CONVERSION = YES;
				CLANG_WARN_OBJC_ROOT_CLASS = YES_ERROR;
				CLANG_WARN_QUOTED_INCLUDE_IN_FRAMEWORK_HEADER = YES;
				CLANG_WARN_RANGE_LOOP_ANALYSIS = YES;
				CLANG_WARN_STRICT_PROTOTYPES = YES;
				CLANG_WARN_SUSPICIOUS_MOVE = YES;
				CLANG_WARN_UNGUARDED_AVAILABILITY = YES_AGGRESSIVE;
				CLANG_WARN_UNREACHABLE_CODE = YES;
				CLANG_WARN__DUPLICATE_METHOD_MATCH = YES;
				COPY_PHASE_STRIP = NO;
				DEBUG_INFORMATION_FORMAT = "dwarf-with-dsym";
				ENABLE_NS_ASSERTIONS = NO;
				ENABLE_STRICT_OBJC_MSGSEND = YES;
				GCC_C_LANGUAGE_STANDARD = gnu11;
				GCC_NO_COMMON_BLOCKS = YES;
				GCC_WARN_64_TO_32_BIT_CONVERSION = YES;
				GCC_WARN_ABOUT_RETURN_TYPE = YES_ERROR;
				GCC_WARN_UNDECLARED_SELECTOR = YES;
				GCC_WARN_UNINITIALIZED_AUTOS = YES_AGGRESSIVE;
				GCC_WARN_UNUSED_FUNCTION = YES;
				GCC_WARN_UNUSED_VARIABLE = YES;
				IPHONEOS_DEPLOYMENT_TARGET = 15.2;
				MTL_ENABLE_DEBUG_INFO = NO;
				MTL_FAST_MATH = YES;
				SDKROOT = iphoneos;
				SWIFT_COMPILATION_MODE = wholemodule;
				SWIFT_OPTIMIZATION_LEVEL = "-O";
				VALIDATE_PRODUCT = YES;
			};
			name = Release;
		};
		88C98223295C946A00F0A35A /* Debug */ = {
			isa = XCBuildConfiguration;
			buildSettings = {
				ASSETCATALOG_COMPILER_APPICON_NAME = AppIcon;
				ASSETCATALOG_COMPILER_GLOBAL_ACCENT_COLOR_NAME = AccentColor;
				CODE_SIGN_STYLE = Automatic;
				CURRENT_PROJECT_VERSION = 1;
				DEVELOPMENT_TEAM = CW8NA3383L;
				GENERATE_INFOPLIST_FILE = YES;
				INFOPLIST_FILE = "RickAndMorty/Supporting Files/Info.plist";
				INFOPLIST_KEY_UIApplicationSupportsIndirectInputEvents = YES;
				INFOPLIST_KEY_UILaunchStoryboardName = LaunchScreen;
				INFOPLIST_KEY_UISupportedInterfaceOrientations_iPad = "UIInterfaceOrientationPortrait UIInterfaceOrientationPortraitUpsideDown UIInterfaceOrientationLandscapeLeft UIInterfaceOrientationLandscapeRight";
				INFOPLIST_KEY_UISupportedInterfaceOrientations_iPhone = "UIInterfaceOrientationPortrait UIInterfaceOrientationLandscapeLeft UIInterfaceOrientationLandscapeRight";
				LD_RUNPATH_SEARCH_PATHS = (
					"$(inherited)",
					"@executable_path/Frameworks",
				);
				MARKETING_VERSION = 1.0;
				PRODUCT_BUNDLE_IDENTIFIER = com.nishant.RickAndMorty;
				PRODUCT_NAME = "$(TARGET_NAME)";
				SWIFT_EMIT_LOC_STRINGS = YES;
				SWIFT_VERSION = 5.0;
				TARGETED_DEVICE_FAMILY = "1,2";
			};
			name = Debug;
		};
		88C98224295C946A00F0A35A /* Release */ = {
			isa = XCBuildConfiguration;
			buildSettings = {
				ASSETCATALOG_COMPILER_APPICON_NAME = AppIcon;
				ASSETCATALOG_COMPILER_GLOBAL_ACCENT_COLOR_NAME = AccentColor;
				CODE_SIGN_STYLE = Automatic;
				CURRENT_PROJECT_VERSION = 1;
				DEVELOPMENT_TEAM = CW8NA3383L;
				GENERATE_INFOPLIST_FILE = YES;
				INFOPLIST_FILE = "RickAndMorty/Supporting Files/Info.plist";
				INFOPLIST_KEY_UIApplicationSupportsIndirectInputEvents = YES;
				INFOPLIST_KEY_UILaunchStoryboardName = LaunchScreen;
				INFOPLIST_KEY_UISupportedInterfaceOrientations_iPad = "UIInterfaceOrientationPortrait UIInterfaceOrientationPortraitUpsideDown UIInterfaceOrientationLandscapeLeft UIInterfaceOrientationLandscapeRight";
				INFOPLIST_KEY_UISupportedInterfaceOrientations_iPhone = "UIInterfaceOrientationPortrait UIInterfaceOrientationLandscapeLeft UIInterfaceOrientationLandscapeRight";
				LD_RUNPATH_SEARCH_PATHS = (
					"$(inherited)",
					"@executable_path/Frameworks",
				);
				MARKETING_VERSION = 1.0;
				PRODUCT_BUNDLE_IDENTIFIER = com.nishant.RickAndMorty;
				PRODUCT_NAME = "$(TARGET_NAME)";
				SWIFT_EMIT_LOC_STRINGS = YES;
				SWIFT_VERSION = 5.0;
				TARGETED_DEVICE_FAMILY = "1,2";
			};
			name = Release;
		};
/* End XCBuildConfiguration section */

/* Begin XCConfigurationList section */
		88C98209295C946900F0A35A /* Build configuration list for PBXProject "RickAndMorty" */ = {
			isa = XCConfigurationList;
			buildConfigurations = (
				88C98220295C946A00F0A35A /* Debug */,
				88C98221295C946A00F0A35A /* Release */,
			);
			defaultConfigurationIsVisible = 0;
			defaultConfigurationName = Release;
		};
		88C98222295C946A00F0A35A /* Build configuration list for PBXNativeTarget "RickAndMorty" */ = {
			isa = XCConfigurationList;
			buildConfigurations = (
				88C98223295C946A00F0A35A /* Debug */,
				88C98224295C946A00F0A35A /* Release */,
			);
			defaultConfigurationIsVisible = 0;
			defaultConfigurationName = Release;
		};
/* End XCConfigurationList section */

/* Begin XCRemoteSwiftPackageReference section */
		8886D9D0296158B6007C232B /* XCRemoteSwiftPackageReference "SDWebImage" */ = {
			isa = XCRemoteSwiftPackageReference;
			repositoryURL = "https://github.com/SDWebImage/SDWebImage.git";
			requirement = {
				kind = upToNextMajorVersion;
				minimumVersion = 5.0.0;
			};
		};
		8886D9D329615B33007C232B /* XCRemoteSwiftPackageReference "LeakedViewControllerDetector" */ = {
			isa = XCRemoteSwiftPackageReference;
			repositoryURL = "https://github.com/Janneman84/LeakedViewControllerDetector.git";
			requirement = {
				kind = upToNextMajorVersion;
				minimumVersion = 1.0.0;
			};
		};
/* End XCRemoteSwiftPackageReference section */

/* Begin XCSwiftPackageProductDependency section */
		8886D9D1296158B6007C232B /* SDWebImage */ = {
			isa = XCSwiftPackageProductDependency;
			package = 8886D9D0296158B6007C232B /* XCRemoteSwiftPackageReference "SDWebImage" */;
			productName = SDWebImage;
		};
		8886D9D429615B33007C232B /* LeakedViewControllerDetector */ = {
			isa = XCSwiftPackageProductDependency;
			package = 8886D9D329615B33007C232B /* XCRemoteSwiftPackageReference "LeakedViewControllerDetector" */;
			productName = LeakedViewControllerDetector;
		};
/* End XCSwiftPackageProductDependency section */
	};
	rootObject = 88C98206295C946900F0A35A /* Project object */;
}
